# THIS IS AN AUTOGENERATED FILE. DO NOT EDIT THIS FILE DIRECTLY.
# yarn lockfile v1


commander@^7.2.0:
  version "7.2.0"
  resolved "https://registry.yarnpkg.com/commander/-/commander-7.2.0.tgz#a36cb57d0b501ce108e4d20559a150a391d97ab7"
  integrity sha512-QrWXB+ZQSVPmIWIhtEO9H+gwHaMGYiF5ChvoJ+K9ZGHG/sVsa6yiesAD1GC/x46sET00Xlwo1u49RVVVzvcSkw==

tsembind@^1.0.1:
  version "1.0.1"
  resolved "https://registry.yarnpkg.com/tsembind/-/tsembind-1.0.1.tgz#8f0a2c200706b43d664c514ad36e6cc157ae7125"
  integrity sha512-BHvqses4w+fn9C2D1MupMyjDZv8QOxaUZzNUq4i9+e3/Po20sp//5/ZoyqjSYDszl1QLeH/hXMDJ7dd9a/gLzA==
  dependencies:
    commander "^7.2.0"
